// !$*UTF8*$!
{
	archiveVersion = 1;
	classes = {
	};
	objectVersion = 56;
	objects = {

/* Begin PBXBuildFile section */
		508E6F4D297B4444009D004D /* Scrumdinger_TemplateApp.swift in Sources */ = {isa = PBXBuildFile; fileRef = 508E6F4C297B4444009D004D /* Scrumdinger_TemplateApp.swift */; };
		508E6F4F297B4444009D004D /* ContentView.swift in Sources */ = {isa = PBXBuildFile; fileRef = 508E6F4E297B4444009D004D /* ContentView.swift */; };
		508E6F51297B4444009D004D /* Assets.xcassets in Resources */ = {isa = PBXBuildFile; fileRef = 508E6F50297B4444009D004D /* Assets.xcassets */; };
		508E6F54297B4444009D004D /* Preview Assets.xcassets in Resources */ = {isa = PBXBuildFile; fileRef = 508E6F53297B4444009D004D /* Preview Assets.xcassets */; };
		508E6F5E297B4444009D004D /* Scrumdinger_TemplateTests.swift in Sources */ = {isa = PBXBuildFile; fileRef = 508E6F5D297B4444009D004D /* Scrumdinger_TemplateTests.swift */; };
		508E6F68297B4444009D004D /* Scrumdinger_TemplateUITests.swift in Sources */ = {isa = PBXBuildFile; fileRef = 508E6F67297B4444009D004D /* Scrumdinger_TemplateUITests.swift */; };
		508E6F6A297B4444009D004D /* Scrumdinger_TemplateUITestsLaunchTests.swift in Sources */ = {isa = PBXBuildFile; fileRef = 508E6F69297B4444009D004D /* Scrumdinger_TemplateUITestsLaunchTests.swift */; };
/* End PBXBuildFile section */

/* Begin PBXContainerItemProxy section */
		508E6F5A297B4444009D004D /* PBXContainerItemProxy */ = {
			isa = PBXContainerItemProxy;
			containerPortal = 508E6F41297B4444009D004D /* Project object */;
			proxyType = 1;
			remoteGlobalIDString = 508E6F48297B4444009D004D;
			remoteInfo = "Scrumdinger Template";
		};
		508E6F64297B4444009D004D /* PBXContainerItemProxy */ = {
			isa = PBXContainerItemProxy;
			containerPortal = 508E6F41297B4444009D004D /* Project object */;
			proxyType = 1;
			remoteGlobalIDString = 508E6F48297B4444009D004D;
			remoteInfo = "Scrumdinger Template";
		};
/* End PBXContainerItemProxy section */

/* Begin PBXFileReference section */
		508E6F49297B4444009D004D /* Scrumdinger Template.app */ = {isa = PBXFileReference; explicitFileType = wrapper.application; includeInIndex = 0; path = "Scrumdinger Template.app"; sourceTree = BUILT_PRODUCTS_DIR; };
		508E6F4C297B4444009D004D /* Scrumdinger_TemplateApp.swift */ = {isa = PBXFileReference; lastKnownFileType = sourcecode.swift; path = Scrumdinger_TemplateApp.swift; sourceTree = "<group>"; };
		508E6F4E297B4444009D004D /* ContentView.swift */ = {isa = PBXFileReference; lastKnownFileType = sourcecode.swift; path = ContentView.swift; sourceTree = "<group>"; };
		508E6F50297B4444009D004D /* Assets.xcassets */ = {isa = PBXFileReference; lastKnownFileType = folder.assetcatalog; path = Assets.xcassets; sourceTree = "<group>"; };
		508E6F53297B4444009D004D /* Preview Assets.xcassets */ = {isa = PBXFileReference; lastKnownFileType = folder.assetcatalog; path = "Preview Assets.xcassets"; sourceTree = "<group>"; };
		508E6F59297B4444009D004D /* Scrumdinger TemplateTests.xctest */ = {isa = PBXFileReference; explicitFileType = wrapper.cfbundle; includeInIndex = 0; path = "Scrumdinger TemplateTests.xctest"; sourceTree = BUILT_PRODUCTS_DIR; };
		508E6F5D297B4444009D004D /* Scrumdinger_TemplateTests.swift */ = {isa = PBXFileReference; lastKnownFileType = sourcecode.swift; path = Scrumdinger_TemplateTests.swift; sourceTree = "<group>"; };
		508E6F63297B4444009D004D /* Scrumdinger TemplateUITests.xctest */ = {isa = PBXFileReference; explicitFileType = wrapper.cfbundle; includeInIndex = 0; path = "Scrumdinger TemplateUITests.xctest"; sourceTree = BUILT_PRODUCTS_DIR; };
		508E6F67297B4444009D004D /* Scrumdinger_TemplateUITests.swift */ = {isa = PBXFileReference; lastKnownFileType = sourcecode.swift; path = Scrumdinger_TemplateUITests.swift; sourceTree = "<group>"; };
		508E6F69297B4444009D004D /* Scrumdinger_TemplateUITestsLaunchTests.swift */ = {isa = PBXFileReference; lastKnownFileType = sourcecode.swift; path = Scrumdinger_TemplateUITestsLaunchTests.swift; sourceTree = "<group>"; };
/* End PBXFileReference section */

/* Begin PBXFrameworksBuildPhase section */
		508E6F46297B4444009D004D /* Frameworks */ = {
			isa = PBXFrameworksBuildPhase;
			buildActionMask = 2147483647;
			files = (
			);
			runOnlyForDeploymentPostprocessing = 0;
		};
		508E6F56297B4444009D004D /* Frameworks */ = {
			isa = PBXFrameworksBuildPhase;
			buildActionMask = 2147483647;
			files = (
			);
			runOnlyForDeploymentPostprocessing = 0;
		};
		508E6F60297B4444009D004D /* Frameworks */ = {
			isa = PBXFrameworksBuildPhase;
			buildActionMask = 2147483647;
			files = (
			);
			runOnlyForDeploymentPostprocessing = 0;
		};
/* End PBXFrameworksBuildPhase section */

/* Begin PBXGroup section */
		508E6F40297B4444009D004D = {
			isa = PBXGroup;
			children = (
				508E6F4B297B4444009D004D /* Scrumdinger Template */,
				508E6F5C297B4444009D004D /* Scrumdinger TemplateTests */,
				508E6F66297B4444009D004D /* Scrumdinger TemplateUITests */,
				508E6F4A297B4444009D004D /* Products */,
			);
			sourceTree = "<group>";
		};
		508E6F4A297B4444009D004D /* Products */ = {
			isa = PBXGroup;
			children = (
				508E6F49297B4444009D004D /* Scrumdinger Template.app */,
				508E6F59297B4444009D004D /* Scrumdinger TemplateTests.xctest */,
				508E6F63297B4444009D004D /* Scrumdinger TemplateUITests.xctest */,
			);
			name = Products;
			sourceTree = "<group>";
		};
		508E6F4B297B4444009D004D /* Scrumdinger Template */ = {
			isa = PBXGroup;
			children = (
				508E6F4C297B4444009D004D /* Scrumdinger_TemplateApp.swift */,
				508E6F4E297B4444009D004D /* ContentView.swift */,
				508E6F50297B4444009D004D /* Assets.xcassets */,
				508E6F52297B4444009D004D /* Preview Content */,
			);
			path = "Scrumdinger Template";
			sourceTree = "<group>";
		};
		508E6F52297B4444009D004D /* Preview Content */ = {
			isa = PBXGroup;
			children = (
				508E6F53297B4444009D004D /* Preview Assets.xcassets */,
			);
			path = "Preview Content";
			sourceTree = "<group>";
		};
		508E6F5C297B4444009D004D /* Scrumdinger TemplateTests */ = {
			isa = PBXGroup;
			children = (
				508E6F5D297B4444009D004D /* Scrumdinger_TemplateTests.swift */,
			);
			path = "Scrumdinger TemplateTests";
			sourceTree = "<group>";
		};
		508E6F66297B4444009D004D /* Scrumdinger TemplateUITests */ = {
			isa = PBXGroup;
			children = (
				508E6F67297B4444009D004D /* Scrumdinger_TemplateUITests.swift */,
				508E6F69297B4444009D004D /* Scrumdinger_TemplateUITestsLaunchTests.swift */,
			);
			path = "Scrumdinger TemplateUITests";
			sourceTree = "<group>";
		};
/* End PBXGroup section */

/* Begin PBXNativeTarget section */
		508E6F48297B4444009D004D /* Scrumdinger Template */ = {
			isa = PBXNativeTarget;
			buildConfigurationList = 508E6F6D297B4444009D004D /* Build configuration list for PBXNativeTarget "Scrumdinger Template" */;
			buildPhases = (
				508E6F45297B4444009D004D /* Sources */,
				508E6F46297B4444009D004D /* Frameworks */,
				508E6F47297B4444009D004D /* Resources */,
			);
			buildRules = (
			);
			dependencies = (
			);
			name = "Scrumdinger Template";
			productName = "Scrumdinger Template";
			productReference = 508E6F49297B4444009D004D /* Scrumdinger Template.app */;
			productType = "com.apple.product-type.application";
		};
		508E6F58297B4444009D004D /* Scrumdinger TemplateTests */ = {
			isa = PBXNativeTarget;
			buildConfigurationList = 508E6F70297B4444009D004D /* Build configuration list for PBXNativeTarget "Scrumdinger TemplateTests" */;
			buildPhases = (
				508E6F55297B4444009D004D /* Sources */,
				508E6F56297B4444009D004D /* Frameworks */,
				508E6F57297B4444009D004D /* Resources */,
			);
			buildRules = (
			);
			dependencies = (
				508E6F5B297B4444009D004D /* PBXTargetDependency */,
			);
			name = "Scrumdinger TemplateTests";
			productName = "Scrumdinger TemplateTests";
			productReference = 508E6F59297B4444009D004D /* Scrumdinger TemplateTests.xctest */;
			productType = "com.apple.product-type.bundle.unit-test";
		};
		508E6F62297B4444009D004D /* Scrumdinger TemplateUITests */ = {
			isa = PBXNativeTarget;
			buildConfigurationList = 508E6F73297B4444009D004D /* Build configuration list for PBXNativeTarget "Scrumdinger TemplateUITests" */;
			buildPhases = (
				508E6F5F297B4444009D004D /* Sources */,
				508E6F60297B4444009D004D /* Frameworks */,
				508E6F61297B4444009D004D /* Resources */,
			);
			buildRules = (
			);
			dependencies = (
				508E6F65297B4444009D004D /* PBXTargetDependency */,
			);
			name = "Scrumdinger TemplateUITests";
			productName = "Scrumdinger TemplateUITests";
			productReference = 508E6F63297B4444009D004D /* Scrumdinger TemplateUITests.xctest */;
			productType = "com.apple.product-type.bundle.ui-testing";
		};
/* End PBXNativeTarget section */

/* Begin PBXProject section */
		508E6F41297B4444009D004D /* Project object */ = {
			isa = PBXProject;
			attributes = {
				BuildIndependentTargetsInParallel = 1;
				LastSwiftUpdateCheck = 1420;
				LastUpgradeCheck = 1420;
				TargetAttributes = {
					508E6F48297B4444009D004D = {
						CreatedOnToolsVersion = 14.2;
					};
					508E6F58297B4444009D004D = {
						CreatedOnToolsVersion = 14.2;
						TestTargetID = 508E6F48297B4444009D004D;
					};
					508E6F62297B4444009D004D = {
						CreatedOnToolsVersion = 14.2;
						TestTargetID = 508E6F48297B4444009D004D;
					};
				};
			};
			buildConfigurationList = 508E6F44297B4444009D004D /* Build configuration list for PBXProject "Scrumdinger Template" */;
			compatibilityVersion = "Xcode 14.0";
			developmentRegion = en;
			hasScannedForEncodings = 0;
			knownRegions = (
				en,
				Base,
			);
			mainGroup = 508E6F40297B4444009D004D;
			productRefGroup = 508E6F4A297B4444009D004D /* Products */;
			projectDirPath = "";
			projectRoot = "";
			targets = (
				508E6F48297B4444009D004D /* Scrumdinger Template */,
				508E6F58297B4444009D004D /* Scrumdinger TemplateTests */,
				508E6F62297B4444009D004D /* Scrumdinger TemplateUITests */,
			);
		};
/* End PBXProject section */

/* Begin PBXResourcesBuildPhase section */
		508E6F47297B4444009D004D /* Resources */ = {
			isa = PBXResourcesBuildPhase;
			buildActionMask = 2147483647;
			files = (
				508E6F54297B4444009D004D /* Preview Assets.xcassets in Resources */,
				508E6F51297B4444009D004D /* Assets.xcassets in Resources */,
			);
			runOnlyForDeploymentPostprocessing = 0;
		};
		508E6F57297B4444009D004D /* Resources */ = {
			isa = PBXResourcesBuildPhase;
			buildActionMask = 2147483647;
			files = (
			);
			runOnlyForDeploymentPostprocessing = 0;
		};
		508E6F61297B4444009D004D /* Resources */ = {
			isa = PBXResourcesBuildPhase;
			buildActionMask = 2147483647;
			files = (
			);
			runOnlyForDeploymentPostprocessing = 0;
		};
/* End PBXResourcesBuildPhase section */

/* Begin PBXSourcesBuildPhase section */
		508E6F45297B4444009D004D /* Sources */ = {
			isa = PBXSourcesBuildPhase;
			buildActionMask = 2147483647;
			files = (
				508E6F4F297B4444009D004D /* ContentView.swift in Sources */,
				508E6F4D297B4444009D004D /* Scrumdinger_TemplateApp.swift in Sources */,
			);
			runOnlyForDeploymentPostprocessing = 0;
		};
		508E6F55297B4444009D004D /* Sources */ = {
			isa = PBXSourcesBuildPhase;
			buildActionMask = 2147483647;
			files = (
				508E6F5E297B4444009D004D /* Scrumdinger_TemplateTests.swift in Sources */,
			);
			runOnlyForDeploymentPostprocessing = 0;
		};
		508E6F5F297B4444009D004D /* Sources */ = {
			isa = PBXSourcesBuildPhase;
			buildActionMask = 2147483647;
			files = (
				508E6F6A297B4444009D004D /* Scrumdinger_TemplateUITestsLaunchTests.swift in Sources */,
				508E6F68297B4444009D004D /* Scrumdinger_TemplateUITests.swift in Sources */,
			);
			runOnlyForDeploymentPostprocessing = 0;
		};
/* End PBXSourcesBuildPhase section */

/* Begin PBXTargetDependency section */
		508E6F5B297B4444009D004D /* PBXTargetDependency */ = {
			isa = PBXTargetDependency;
			target = 508E6F48297B4444009D004D /* Scrumdinger Template */;
			targetProxy = 508E6F5A297B4444009D004D /* PBXContainerItemProxy */;
		};
		508E6F65297B4444009D004D /* PBXTargetDependency */ = {
			isa = PBXTargetDependency;
			target = 508E6F48297B4444009D004D /* Scrumdinger Template */;
			targetProxy = 508E6F64297B4444009D004D /* PBXContainerItemProxy */;
		};
/* End PBXTargetDependency section */

/* Begin XCBuildConfiguration section */
		508E6F6B297B4444009D004D /* Debug */ = {
			isa = XCBuildConfiguration;
			buildSettings = {
				ALWAYS_SEARCH_USER_PATHS = NO;
				CLANG_ANALYZER_NONNULL = YES;
				CLANG_ANALYZER_NUMBER_OBJECT_CONVERSION = YES_AGGRESSIVE;
				CLANG_CXX_LANGUAGE_STANDARD = "gnu++20";
				CLANG_ENABLE_MODULES = YES;
				CLANG_ENABLE_OBJC_ARC = YES;
				CLANG_ENABLE_OBJC_WEAK = YES;
				CLANG_WARN_BLOCK_CAPTURE_AUTORELEASING = YES;
				CLANG_WARN_BOOL_CONVERSION = YES;
				CLANG_WARN_COMMA = YES;
				CLANG_WARN_CONSTANT_CONVERSION = YES;
				CLANG_WARN_DEPRECATED_OBJC_IMPLEMENTATIONS = YES;
				CLANG_WARN_DIRECT_OBJC_ISA_USAGE = YES_ERROR;
				CLANG_WARN_DOCUMENTATION_COMMENTS = YES;
				CLANG_WARN_EMPTY_BODY = YES;
				CLANG_WARN_ENUM_CONVERSION = YES;
				CLANG_WARN_INFINITE_RECURSION = YES;
				CLANG_WARN_INT_CONVERSION = YES;
				CLANG_WARN_NON_LITERAL_NULL_CONVERSION = YES;
				CLANG_WARN_OBJC_IMPLICIT_RETAIN_SELF = YES;
				CLANG_WARN_OBJC_LITERAL_CONVERSION = YES;
				CLANG_WARN_OBJC_ROOT_CLASS = YES_ERROR;
				CLANG_WARN_QUOTED_INCLUDE_IN_FRAMEWORK_HEADER = YES;
				CLANG_WARN_RANGE_LOOP_ANALYSIS = YES;
				CLANG_WARN_STRICT_PROTOTYPES = YES;
				CLANG_WARN_SUSPICIOUS_MOVE = YES;
				CLANG_WARN_UNGUARDED_AVAILABILITY = YES_AGGRESSIVE;
				CLANG_WARN_UNREACHABLE_CODE = YES;
				CLANG_WARN__DUPLICATE_METHOD_MATCH = YES;
				COPY_PHASE_STRIP = NO;
				DEBUG_INFORMATION_FORMAT = dwarf;
				ENABLE_STRICT_OBJC_MSGSEND = YES;
				ENABLE_TESTABILITY = YES;
				GCC_C_LANGUAGE_STANDARD = gnu11;
				GCC_DYNAMIC_NO_PIC = NO;
				GCC_NO_COMMON_BLOCKS = YES;
				GCC_OPTIMIZATION_LEVEL = 0;
				GCC_PREPROCESSOR_DEFINITIONS = (
					"DEBUG=1",
					"$(inherited)",
				);
				GCC_WARN_64_TO_32_BIT_CONVERSION = YES;
				GCC_WARN_ABOUT_RETURN_TYPE = YES_ERROR;
				GCC_WARN_UNDECLARED_SELECTOR = YES;
				GCC_WARN_UNINITIALIZED_AUTOS = YES_AGGRESSIVE;
				GCC_WARN_UNUSED_FUNCTION = YES;
				GCC_WARN_UNUSED_VARIABLE = YES;
				IPHONEOS_DEPLOYMENT_TARGET = 16.2;
				MTL_ENABLE_DEBUG_INFO = INCLUDE_SOURCE;
				MTL_FAST_MATH = YES;
				ONLY_ACTIVE_ARCH = YES;
				SDKROOT = iphoneos;
				SWIFT_ACTIVE_COMPILATION_CONDITIONS = DEBUG;
				SWIFT_OPTIMIZATION_LEVEL = "-Onone";
			};
			name = Debug;
		};
		508E6F6C297B4444009D004D /* Release */ = {
			isa = XCBuildConfiguration;
			buildSettings = {
				ALWAYS_SEARCH_USER_PATHS = NO;
				CLANG_ANALYZER_NONNULL = YES;
				CLANG_ANALYZER_NUMBER_OBJECT_CONVERSION = YES_AGGRESSIVE;
				CLANG_CXX_LANGUAGE_STANDARD = "gnu++20";
				CLANG_ENABLE_MODULES = YES;
				CLANG_ENABLE_OBJC_ARC = YES;
				CLANG_ENABLE_OBJC_WEAK = YES;
				CLANG_WARN_BLOCK_CAPTURE_AUTORELEASING = YES;
				CLANG_WARN_BOOL_CONVERSION = YES;
				CLANG_WARN_COMMA = YES;
				CLANG_WARN_CONSTANT_CONVERSION = YES;
				CLANG_WARN_DEPRECATED_OBJC_IMPLEMENTATIONS = YES;
				CLANG_WARN_DIRECT_OBJC_ISA_USAGE = YES_ERROR;
				CLANG_WARN_DOCUMENTATION_COMMENTS = YES;
				CLANG_WARN_EMPTY_BODY = YES;
				CLANG_WARN_ENUM_CONVERSION = YES;
				CLANG_WARN_INFINITE_RECURSION = YES;
				CLANG_WARN_INT_CONVERSION = YES;
				CLANG_WARN_NON_LITERAL_NULL_CONVERSION = YES;
				CLANG_WARN_OBJC_IMPLICIT_RETAIN_SELF = YES;
				CLANG_WARN_OBJC_LITERAL_CONVERSION = YES;
				CLANG_WARN_OBJC_ROOT_CLASS = YES_ERROR;
				CLANG_WARN_QUOTED_INCLUDE_IN_FRAMEWORK_HEADER = YES;
				CLANG_WARN_RANGE_LOOP_ANALYSIS = YES;
				CLANG_WARN_STRICT_PROTOTYPES = YES;
				CLANG_WARN_SUSPICIOUS_MOVE = YES;
				CLANG_WARN_UNGUARDED_AVAILABILITY = YES_AGGRESSIVE;
				CLANG_WARN_UNREACHABLE_CODE = YES;
				CLANG_WARN__DUPLICATE_METHOD_MATCH = YES;
				COPY_PHASE_STRIP = NO;
				DEBUG_INFORMATION_FORMAT = "dwarf-with-dsym";
				ENABLE_NS_ASSERTIONS = NO;
				ENABLE_STRICT_OBJC_MSGSEND = YES;
				GCC_C_LANGUAGE_STANDARD = gnu11;
				GCC_NO_COMMON_BLOCKS = YES;
				GCC_WARN_64_TO_32_BIT_CONVERSION = YES;
				GCC_WARN_ABOUT_RETURN_TYPE = YES_ERROR;
				GCC_WARN_UNDECLARED_SELECTOR = YES;
				GCC_WARN_UNINITIALIZED_AUTOS = YES_AGGRESSIVE;
				GCC_WARN_UNUSED_FUNCTION = YES;
				GCC_WARN_UNUSED_VARIABLE = YES;
				IPHONEOS_DEPLOYMENT_TARGET = 16.2;
				MTL_ENABLE_DEBUG_INFO = NO;
				MTL_FAST_MATH = YES;
				SDKROOT = iphoneos;
				SWIFT_COMPILATION_MODE = wholemodule;
				SWIFT_OPTIMIZATION_LEVEL = "-O";
				VALIDATE_PRODUCT = YES;
			};
			name = Release;
		};
		508E6F6E297B4444009D004D /* Debug */ = {
			isa = XCBuildConfiguration;
			buildSettings = {
				ASSETCATALOG_COMPILER_APPICON_NAME = AppIcon;
				ASSETCATALOG_COMPILER_GLOBAL_ACCENT_COLOR_NAME = AccentColor;
				CODE_SIGN_STYLE = Automatic;
				CURRENT_PROJECT_VERSION = 1;
				DEVELOPMENT_ASSET_PATHS = "\"Scrumdinger Template/Preview Content\"";
				DEVELOPMENT_TEAM = W59W3QVKXJ;
				ENABLE_PREVIEWS = YES;
				GENERATE_INFOPLIST_FILE = YES;
				INFOPLIST_KEY_UIApplicationSceneManifest_Generation = YES;
				INFOPLIST_KEY_UIApplicationSupportsIndirectInputEvents = YES;
				INFOPLIST_KEY_UILaunchScreen_Generation = YES;
				INFOPLIST_KEY_UISupportedInterfaceOrientations_iPad = "UIInterfaceOrientationPortrait UIInterfaceOrientationPortraitUpsideDown UIInterfaceOrientationLandscapeLeft UIInterfaceOrientationLandscapeRight";
				INFOPLIST_KEY_UISupportedInterfaceOrientations_iPhone = "UIInterfaceOrientationPortrait UIInterfaceOrientationLandscapeLeft UIInterfaceOrientationLandscapeRight";
				LD_RUNPATH_SEARCH_PATHS = (
					"$(inherited)",
					"@executable_path/Frameworks",
				);
				MARKETING_VERSION = 1.0;
				PRODUCT_BUNDLE_IDENTIFIER = "com.mtndev.Scrumdinger-Template";
				PRODUCT_NAME = "$(TARGET_NAME)";
				SWIFT_EMIT_LOC_STRINGS = YES;
				SWIFT_VERSION = 5.0;
				TARGETED_DEVICE_FAMILY = "1,2";
			};
			name = Debug;
		};
		508E6F6F297B4444009D004D /* Release */ = {
			isa = XCBuildConfiguration;
			buildSettings = {
				ASSETCATALOG_COMPILER_APPICON_NAME = AppIcon;
				ASSETCATALOG_COMPILER_GLOBAL_ACCENT_COLOR_NAME = AccentColor;
				CODE_SIGN_STYLE = Automatic;
				CURRENT_PROJECT_VERSION = 1;
				DEVELOPMENT_ASSET_PATHS = "\"Scrumdinger Template/Preview Content\"";
				DEVELOPMENT_TEAM = W59W3QVKXJ;
				ENABLE_PREVIEWS = YES;
				GENERATE_INFOPLIST_FILE = YES;
				INFOPLIST_KEY_UIApplicationSceneManifest_Generation = YES;
				INFOPLIST_KEY_UIApplicationSupportsIndirectInputEvents = YES;
				INFOPLIST_KEY_UILaunchScreen_Generation = YES;
				INFOPLIST_KEY_UISupportedInterfaceOrientations_iPad = "UIInterfaceOrientationPortrait UIInterfaceOrientationPortraitUpsideDown UIInterfaceOrientationLandscapeLeft UIInterfaceOrientationLandscapeRight";
				INFOPLIST_KEY_UISupportedInterfaceOrientations_iPhone = "UIInterfaceOrientationPortrait UIInterfaceOrientationLandscapeLeft UIInterfaceOrientationLandscapeRight";
				LD_RUNPATH_SEARCH_PATHS = (
					"$(inherited)",
					"@executable_path/Frameworks",
				);
				MARKETING_VERSION = 1.0;
				PRODUCT_BUNDLE_IDENTIFIER = "com.mtndev.Scrumdinger-Template";
				PRODUCT_NAME = "$(TARGET_NAME)";
				SWIFT_EMIT_LOC_STRINGS = YES;
				SWIFT_VERSION = 5.0;
				TARGETED_DEVICE_FAMILY = "1,2";
			};
			name = Release;
		};
		508E6F71297B4444009D004D /* Debug */ = {
			isa = XCBuildConfiguration;
			buildSettings = {
				ALWAYS_EMBED_SWIFT_STANDARD_LIBRARIES = YES;
				BUNDLE_LOADER = "$(TEST_HOST)";
				CODE_SIGN_STYLE = Automatic;
				CURRENT_PROJECT_VERSION = 1;
				DEVELOPMENT_TEAM = W59W3QVKXJ;
				GENERATE_INFOPLIST_FILE = YES;
				IPHONEOS_DEPLOYMENT_TARGET = 16.2;
				MARKETING_VERSION = 1.0;
				PRODUCT_BUNDLE_IDENTIFIER = "com.mtndev.Scrumdinger-TemplateTests";
				PRODUCT_NAME = "$(TARGET_NAME)";
				SWIFT_EMIT_LOC_STRINGS = NO;
				SWIFT_VERSION = 5.0;
				TARGETED_DEVICE_FAMILY = "1,2";
				TEST_HOST = "$(BUILT_PRODUCTS_DIR)/Scrumdinger Template.app/$(BUNDLE_EXECUTABLE_FOLDER_PATH)/Scrumdinger Template";
			};
			name = Debug;
		};
		508E6F72297B4444009D004D /* Release */ = {
			isa = XCBuildConfiguration;
			buildSettings = {
				ALWAYS_EMBED_SWIFT_STANDARD_LIBRARIES = YES;
				BUNDLE_LOADER = "$(TEST_HOST)";
				CODE_SIGN_STYLE = Automatic;
				CURRENT_PROJECT_VERSION = 1;
				DEVELOPMENT_TEAM = W59W3QVKXJ;
				GENERATE_INFOPLIST_FILE = YES;
				IPHONEOS_DEPLOYMENT_TARGET = 16.2;
				MARKETING_VERSION = 1.0;
				PRODUCT_BUNDLE_IDENTIFIER = "com.mtndev.Scrumdinger-TemplateTests";
				PRODUCT_NAME = "$(TARGET_NAME)";
				SWIFT_EMIT_LOC_STRINGS = NO;
				SWIFT_VERSION = 5.0;
				TARGETED_DEVICE_FAMILY = "1,2";
				TEST_HOST = "$(BUILT_PRODUCTS_DIR)/Scrumdinger Template.app/$(BUNDLE_EXECUTABLE_FOLDER_PATH)/Scrumdinger Template";
			};
			name = Release;
		};
		508E6F74297B4444009D004D /* Debug */ = {
			isa = XCBuildConfiguration;
			buildSettings = {
				ALWAYS_EMBED_SWIFT_STANDARD_LIBRARIES = YES;
				CODE_SIGN_STYLE = Automatic;
				CURRENT_PROJECT_VERSION = 1;
				DEVELOPMENT_TEAM = W59W3QVKXJ;
				GENERATE_INFOPLIST_FILE = YES;
				MARKETING_VERSION = 1.0;
				PRODUCT_BUNDLE_IDENTIFIER = "com.mtndev.Scrumdinger-TemplateUITests";
				PRODUCT_NAME = "$(TARGET_NAME)";
				SWIFT_EMIT_LOC_STRINGS = NO;
				SWIFT_VERSION = 5.0;
				TARGETED_DEVICE_FAMILY = "1,2";
				TEST_TARGET_NAME = "Scrumdinger Template";
			};
			name = Debug;
		};
		508E6F75297B4444009D004D /* Release */ = {
			isa = XCBuildConfiguration;
			buildSettings = {
				ALWAYS_EMBED_SWIFT_STANDARD_LIBRARIES = YES;
				CODE_SIGN_STYLE = Automatic;
				CURRENT_PROJECT_VERSION = 1;
				DEVELOPMENT_TEAM = W59W3QVKXJ;
				GENERATE_INFOPLIST_FILE = YES;
				MARKETING_VERSION = 1.0;
				PRODUCT_BUNDLE_IDENTIFIER = "com.mtndev.Scrumdinger-TemplateUITests";
				PRODUCT_NAME = "$(TARGET_NAME)";
				SWIFT_EMIT_LOC_STRINGS = NO;
				SWIFT_VERSION = 5.0;
				TARGETED_DEVICE_FAMILY = "1,2";
				TEST_TARGET_NAME = "Scrumdinger Template";
			};
			name = Release;
		};
/* End XCBuildConfiguration section */

/* Begin XCConfigurationList section */
		508E6F44297B4444009D004D /* Build configuration list for PBXProject "Scrumdinger Template" */ = {
			isa = XCConfigurationList;
			buildConfigurations = (
				508E6F6B297B4444009D004D /* Debug */,
				508E6F6C297B4444009D004D /* Release */,
			);
			defaultConfigurationIsVisible = 0;
			defaultConfigurationName = Release;
		};
		508E6F6D297B4444009D004D /* Build configuration list for PBXNativeTarget "Scrumdinger Template" */ = {
			isa = XCConfigurationList;
			buildConfigurations = (
				508E6F6E297B4444009D004D /* Debug */,
				508E6F6F297B4444009D004D /* Release */,
			);
			defaultConfigurationIsVisible = 0;
			defaultConfigurationName = Release;
		};
		508E6F70297B4444009D004D /* Build configuration list for PBXNativeTarget "Scrumdinger TemplateTests" */ = {
			isa = XCConfigurationList;
			buildConfigurations = (
				508E6F71297B4444009D004D /* Debug */,
				508E6F72297B4444009D004D /* Release */,
			);
			defaultConfigurationIsVisible = 0;
			defaultConfigurationName = Release;
		};
		508E6F73297B4444009D004D /* Build configuration list for PBXNativeTarget "Scrumdinger TemplateUITests" */ = {
			isa = XCConfigurationList;
			buildConfigurations = (
				508E6F74297B4444009D004D /* Debug */,
				508E6F75297B4444009D004D /* Release */,
			);
			defaultConfigurationIsVisible = 0;
			defaultConfigurationName = Release;
		};
/* End XCConfigurationList section */
	};
	rootObject = 508E6F41297B4444009D004D /* Project object */;
}
